
Microsoft Visual Studio Solution File, Format Version 12.00
# Visual Studio 15
VisualStudioVersion = 15.0.27428.1
MinimumVisualStudioVersion = 10.0.40219.1
Project("{FAE04EC0-301F-11D3-BF4B-00C04F79EFBC}") = "Adventure", "Adventure\Adventure.csproj", "{ACFB11E0-1113-4E11-A10B-069A1431A053}"
EndProject
Global
	GlobalSection(SolutionConfigurationPlatforms) = preSolution
		Debug|Any CPU = Debug|Any CPU
		Release|Any CPU = Release|Any CPU
	EndGlobalSection
	GlobalSection(ProjectConfigurationPlatforms) = postSolution
		{ACFB11E0-1113-4E11-A10B-069A1431A053}.Debug|Any CPU.ActiveCfg = Debug|Any CPU
		{ACFB11E0-1113-4E11-A10B-069A1431A053}.Debug|Any CPU.Build.0 = Debug|Any CPU
		{ACFB11E0-1113-4E11-A10B-069A1431A053}.Release|Any CPU.ActiveCfg = Release|Any CPU
		{ACFB11E0-1113-4E11-A10B-069A1431A053}.Release|Any CPU.Build.0 = Release|Any CPU
	EndGlobalSection
	GlobalSection(SolutionProperties) = preSolution
		HideSolutionNode = FALSE
	EndGlobalSection
	GlobalSection(ExtensibilityGlobals) = postSolution
		SolutionGuid = {32FADA99-1652-4C39-AAFB-373F21D59BB3}
	EndGlobalSection
EndGlobal
